{
  "name": "sentiment-summary",
  "version": "0.0.1",
  "lockfileVersion": 3,
  "requires": true,
  "packages": {
    "": {
      "name": "sentiment-summary",
      "version": "0.0.1",
      "license": "ISC",
      "dependencies": {
        "textrank-node": "^0.1.9"
      }
    },
    "node_modules/apparatus": {
      "version": "0.0.10",
      "resolved": "https://registry.npmjs.org/apparatus/-/apparatus-0.0.10.tgz",
      "integrity": "sha512-KLy/ugo33KZA7nugtQ7O0E1c8kQ52N3IvD/XgIh4w/Nr28ypfkwDfA67F1ev4N1m5D+BOk1+b2dEJDfpj/VvZg==",
      "dependencies": {
        "sylvester": ">= 0.0.8"
      },
      "engines": {
        "node": ">=0.2.6"
      }
    },
    "node_modules/natural": {
      "version": "0.2.1",
      "resolved": "https://registry.npmjs.org/natural/-/natural-0.2.1.tgz",
      "integrity": "sha512-LJqEDklvkkqlhhDvTLcKnwxy3O7i7qai6bZGJ/wmj0LXEnsIi6TWoixFjPNteyzdbK+Ik5onFIXpo4zaFYz7UA==",
      "dependencies": {
        "apparatus": ">= 0.0.9",
        "sylvester": ">= 0.0.12",
        "underscore": ">=1.3.1"
      },
      "engines": {
        "node": ">=0.4.10"
      }
    },
    "node_modules/node-matrix": {
      "version": "0.1.1",
      "resolved": "https://registry.npmjs.org/node-matrix/-/node-matrix-0.1.1.tgz",
      "integrity": "sha512-QKBpPZshcQgsQuAaqVK3wcGIhfpMJXwLj3dfi0GYJ/+YA/+4jS1oYHvo1+8GNpOIHhlEKwkaiuwagOowSM+bow=="
    },
    "node_modules/pagerank-js": {
      "version": "0.3.0",
      "resolved": "https://registry.npmjs.org/pagerank-js/-/pagerank-js-0.3.0.tgz",
      "integrity": "sha512-Nqcy49yzQT7obQkd05LMHPLwa8d5Dd3b8c5wasp2n22cdln+hL7pcQ0BE6S84/zKVjoCD4F0aymuFX6OITZBKQ==",
      "engines": {
        "node": "latest"
      }
    },
    "node_modules/sylvester": {
      "version": "0.0.21",
      "resolved": "https://registry.npmjs.org/sylvester/-/sylvester-0.0.21.tgz",
      "integrity": "sha512-yUT0ukFkFEt4nb+NY+n2ag51aS/u9UHXoZw+A4jgD77/jzZsBoSDHuqysrVCBC4CYR4TYvUJq54ONpXgDBH8tA==",
      "engines": {
        "node": ">=0.2.6"
      }
    },
    "node_modules/textrank-node": {
      "version": "0.1.9",
      "resolved": "https://registry.npmjs.org/textrank-node/-/textrank-node-0.1.9.tgz",
      "integrity": "sha512-fG1XipKGN6WkvLnp30h2NCabnIxaQQ7PMtfc3DRfbORiAgkwLt3osX7vhjPZw2/sQfyQt4VrFOAYpg+1mrHkZw==",
      "dependencies": {
        "natural": "^0.2.1",
        "node-matrix": "^0.1.1",
        "pagerank-js": "^0.3.0"
      }
    },
    "node_modules/underscore": {
      "version": "1.13.6",
      "resolved": "https://registry.npmjs.org/underscore/-/underscore-1.13.6.tgz",
      "integrity": "sha512-+A5Sja4HP1M08MaXya7p5LvjuM7K6q/2EaC0+iovj/wOcMsTzMvDFbasi/oSapiwOlt252IqsKqPjCl7huKS0A=="
    }
  }
}
